
Microsoft Visual Studio Solution File, Format Version 12.00
# Visual Studio Version 16
VisualStudioVersion = 16.0.35325.158
MinimumVisualStudioVersion = 10.0.40219.1
Project("{FAE04EC0-301F-11D3-BF4B-00C04F79EFBC}") = "WebApplicationtaskform", "WebApplicationtaskform.csproj", "{889579C4-7C6E-4C29-A32A-A901C0700A7C}"
EndProject
Global
	GlobalSection(SolutionConfigurationPlatforms) = preSolution
		Debug|Any CPU = Debug|Any CPU
		Release|Any CPU = Release|Any CPU
	EndGlobalSection
	GlobalSection(ProjectConfigurationPlatforms) = postSolution
		{889579C4-7C6E-4C29-A32A-A901C0700A7C}.Debug|Any CPU.ActiveCfg = Debug|Any CPU
		{889579C4-7C6E-4C29-A32A-A901C0700A7C}.Debug|Any CPU.Build.0 = Debug|Any CPU
		{889579C4-7C6E-4C29-A32A-A901C0700A7C}.Release|Any CPU.ActiveCfg = Release|Any CPU
		{889579C4-7C6E-4C29-A32A-A901C0700A7C}.Release|Any CPU.Build.0 = Release|Any CPU
	EndGlobalSection
	GlobalSection(SolutionProperties) = preSolution
		HideSolutionNode = FALSE
	EndGlobalSection
	GlobalSection(ExtensibilityGlobals) = postSolution
		SolutionGuid = {48B01252-F7EE-423A-8DB2-C0C8B926D2A6}
	EndGlobalSection
EndGlobal
